
Microsoft Visual Studio Solution File, Format Version 12.00
# Visual Studio Version 16
VisualStudioVersion = 16.0.29102.190
MinimumVisualStudioVersion = 10.0.40219.1
Project("{FAE04EC0-301F-11D3-BF4B-00C04F79EFBC}") = "myFirstAzureWebApp", "myFirstAzureWebApp\myFirstAzureWebApp.csproj", "{D3388872-0CC9-4AFC-894B-2DCCBA5313A9}"
EndProject
Global
	GlobalSection(SolutionConfigurationPlatforms) = preSolution
		Debug|Any CPU = Debug|Any CPU
		Release|Any CPU = Release|Any CPU
	EndGlobalSection
	GlobalSection(ProjectConfigurationPlatforms) = postSolution
		{D3388872-0CC9-4AFC-894B-2DCCBA5313A9}.Debug|Any CPU.ActiveCfg = Debug|Any CPU
		{D3388872-0CC9-4AFC-894B-2DCCBA5313A9}.Debug|Any CPU.Build.0 = Debug|Any CPU
		{D3388872-0CC9-4AFC-894B-2DCCBA5313A9}.Release|Any CPU.ActiveCfg = Release|Any CPU
		{D3388872-0CC9-4AFC-894B-2DCCBA5313A9}.Release|Any CPU.Build.0 = Release|Any CPU
	EndGlobalSection
	GlobalSection(SolutionProperties) = preSolution
		HideSolutionNode = FALSE
	EndGlobalSection
	GlobalSection(ExtensibilityGlobals) = postSolution
		SolutionGuid = {50675303-5A82-42AC-8EF5-7B705AB31FB9}
	EndGlobalSection
EndGlobal
